// !$*UTF8*$!
{
	archiveVersion = 1;
	classes = {
	};
	objectVersion = 77;
	objects = {

/* Begin PBXBuildFile section */
		3FB84EB42EC5545B000C1E6D /* ProfileViewModel.swift in Sources */ = {isa = PBXBuildFile; fileRef = 3FB84E912EC5545B000C1E6D /* ProfileViewModel.swift */; };
		3FB84EB52EC5545B000C1E6D /* APIClient.swift in Sources */ = {isa = PBXBuildFile; fileRef = 3FB84E742EC5545B000C1E6D /* APIClient.swift */; };
		3FB84EB62EC5545B000C1E6D /* UserModels.swift in Sources */ = {isa = PBXBuildFile; fileRef = 3FB84EA52EC5545B000C1E6D /* UserModels.swift */; };
		3FB84EB72EC5545B000C1E6D /* SimplifiedProfileView.swift in Sources */ = {isa = PBXBuildFile; fileRef = 3FB84E952EC5545B000C1E6D /* SimplifiedProfileView.swift */; };
		3FB84EB82EC5545B000C1E6D /* ClaudeModels.swift in Sources */ = {isa = PBXBuildFile; fileRef = 3FB84EA12EC5545B000C1E6D /* ClaudeModels.swift */; };
		3FB84EB92EC5545B000C1E6D /* NetworkError.swift in Sources */ = {isa = PBXBuildFile; fileRef = 3FB84E762EC5545B000C1E6D /* NetworkError.swift */; };
		3FB84EBA2EC5545B000C1E6D /* PreferencesHeaderView.swift in Sources */ = {isa = PBXBuildFile; fileRef = 3FB84E9C2EC5545B000C1E6D /* PreferencesHeaderView.swift */; };
		3FB84EBB2EC5545B000C1E6D /* BadgeView.swift in Sources */ = {isa = PBXBuildFile; fileRef = 3FB84EAA2EC5545B000C1E6D /* BadgeView.swift */; };
		3FB84EBC2EC5545B000C1E6D /* OnboardingHeaderView.swift in Sources */ = {isa = PBXBuildFile; fileRef = 3FB84E8C2EC5545B000C1E6D /* OnboardingHeaderView.swift */; };
		3FB84EBD2EC5545B000C1E6D /* HistoryViewModel.swift in Sources */ = {isa = PBXBuildFile; fileRef = 3FB84E7C2EC5545B000C1E6D /* HistoryViewModel.swift */; };
		3FB84EBE2EC5545B000C1E6D /* RecommendationsView.swift in Sources */ = {isa = PBXBuildFile; fileRef = 3FB84E9D2EC5545B000C1E6D /* RecommendationsView.swift */; };
		3FB84EBF2EC5545B000C1E6D /* RecommendationsViewModel.swift in Sources */ = {isa = PBXBuildFile; fileRef = 3FB84E992EC5545B000C1E6D /* RecommendationsViewModel.swift */; };
		3FB84EC02EC5545B000C1E6D /* HistoryView.swift in Sources */ = {isa = PBXBuildFile; fileRef = 3FB84E7E2EC5545B000C1E6D /* HistoryView.swift */; };
		3FB84EC12EC5545B000C1E6D /* SessionManager.swift in Sources */ = {isa = PBXBuildFile; fileRef = 3FB84E782EC5545B000C1E6D /* SessionManager.swift */; };
		3FB84EC22EC5545B000C1E6D /* View+Extensions.swift in Sources */ = {isa = PBXBuildFile; fileRef = 3FB84E722EC5545B000C1E6D /* View+Extensions.swift */; };
		3FB84EC32EC5545B000C1E6D /* UserStatsCard.swift in Sources */ = {isa = PBXBuildFile; fileRef = 3FB84E962EC5545B000C1E6D /* UserStatsCard.swift */; };
		3FB84EC42EC5545B000C1E6D /* OnboardingCompleteView.swift in Sources */ = {isa = PBXBuildFile; fileRef = 3FB84E8B2EC5545B000C1E6D /* OnboardingCompleteView.swift */; };
		3FB84EC52EC5545B000C1E6D /* Movie.swift in Sources */ = {isa = PBXBuildFile; fileRef = 3FB84EA22EC5545B000C1E6D /* Movie.swift */; };
		3FB84EC62EC5545B000C1E6D /* MovieDetailsResultView.swift in Sources */ = {isa = PBXBuildFile; fileRef = 3FB84E842EC5545B000C1E6D /* MovieDetailsResultView.swift */; };
		3FB84EC72EC5545B000C1E6D /* OnboardingView.swift in Sources */ = {isa = PBXBuildFile; fileRef = 3FB84E8D2EC5545B000C1E6D /* OnboardingView.swift */; };
		3FB84EC82EC5545B000C1E6D /* VoteButtonsView.swift in Sources */ = {isa = PBXBuildFile; fileRef = 3FB84E8E2EC5545B000C1E6D /* VoteButtonsView.swift */; };
		3FB84EC92EC5545B000C1E6D /* LoadingView.swift in Sources */ = {isa = PBXBuildFile; fileRef = 3FB84EAB2EC5545B000C1E6D /* LoadingView.swift */; };
		3FB84ECA2EC5545B000C1E6D /* ProfileView.swift in Sources */ = {isa = PBXBuildFile; fileRef = 3FB84E942EC5545B000C1E6D /* ProfileView.swift */; };
		3FB84ECB2EC5545B000C1E6D /* ContentView.swift in Sources */ = {isa = PBXBuildFile; fileRef = 3FB84E6F2EC5545B000C1E6D /* ContentView.swift */; };
		3FB84ECC2EC5545B000C1E6D /* WatchOrNotApp.swift in Sources */ = {isa = PBXBuildFile; fileRef = 3FB84E702EC5545B000C1E6D /* WatchOrNotApp.swift */; };
		3FB84ECD2EC5545B000C1E6D /* HistoryEntryView.swift in Sources */ = {isa = PBXBuildFile; fileRef = 3FB84E932EC5545B000C1E6D /* HistoryEntryView.swift */; };
		3FB84ECE2EC5545B000C1E6D /* MovieListItemView.swift in Sources */ = {isa = PBXBuildFile; fileRef = 3FB84E9B2EC5545B000C1E6D /* MovieListItemView.swift */; };
		3FB84ECF2EC5545B000C1E6D /* Colors.swift in Sources */ = {isa = PBXBuildFile; fileRef = 3FB84EAE2EC5545B000C1E6D /* Colors.swift */; };
		3FB84ED02EC5545B000C1E6D /* MovieSnapView.swift in Sources */ = {isa = PBXBuildFile; fileRef = 3FB84E852EC5545B000C1E6D /* MovieSnapView.swift */; };
		3FB84ED12EC5545B000C1E6D /* Config.swift in Sources */ = {isa = PBXBuildFile; fileRef = 3FB84E7A2EC5545B000C1E6D /* Config.swift */; };
		3FB84ED22EC5545B000C1E6D /* RecommendationModels.swift in Sources */ = {isa = PBXBuildFile; fileRef = 3FB84EA42EC5545B000C1E6D /* RecommendationModels.swift */; };
		3FB84ED32EC5545B000C1E6D /* APIEndpoint.swift in Sources */ = {isa = PBXBuildFile; fileRef = 3FB84E752EC5545B000C1E6D /* APIEndpoint.swift */; };
		3FB84ED42EC5545B000C1E6D /* MovieCardView.swift in Sources */ = {isa = PBXBuildFile; fileRef = 3FB84E8A2EC5545B000C1E6D /* MovieCardView.swift */; };
		3FB84ED52EC5545B000C1E6D /* Typography.swift in Sources */ = {isa = PBXBuildFile; fileRef = 3FB84EAF2EC5545B000C1E6D /* Typography.swift */; };
		3FB84ED62EC5545B000C1E6D /* OnboardingModels.swift in Sources */ = {isa = PBXBuildFile; fileRef = 3FB84EA32EC5545B000C1E6D /* OnboardingModels.swift */; };
		3FB84ED72EC5545B000C1E6D /* MovieSnapViewModel.swift in Sources */ = {isa = PBXBuildFile; fileRef = 3FB84E812EC5545B000C1E6D /* MovieSnapViewModel.swift */; };
		3FB84ED82EC5545B000C1E6D /* CameraView.swift in Sources */ = {isa = PBXBuildFile; fileRef = 3FB84E832EC5545B000C1E6D /* CameraView.swift */; };
		3FB84ED92EC5545B000C1E6D /* OnboardingViewModel.swift in Sources */ = {isa = PBXBuildFile; fileRef = 3FB84E882EC5545B000C1E6D /* OnboardingViewModel.swift */; };
		3FB84EDA2EC5545B000C1E6D /* MoviePosterView.swift in Sources */ = {isa = PBXBuildFile; fileRef = 3FB84EAC2EC5545B000C1E6D /* MoviePosterView.swift */; };
		3FB84EDB2EC5608C000C1E6D /* Assets.xcassets in Resources */ = {isa = PBXBuildFile; fileRef = 3FB84EA72EC5545B000C1E6D /* Assets.xcassets */; };
		D72E93AEB9EB48129DFAACEF /* WelcomeView.swift in Sources */ = {isa = PBXBuildFile; fileRef = 0C8E2C75417D47DAB1F52996 /* WelcomeView.swift */; };
/* End PBXBuildFile section */

/* Begin PBXContainerItemProxy section */
		3FB84E532EC55431000C1E6D /* PBXContainerItemProxy */ = {
			isa = PBXContainerItemProxy;
			containerPortal = 3FB84E3D2EC55430000C1E6D /* Project object */;
			proxyType = 1;
			remoteGlobalIDString = 3FB84E442EC55430000C1E6D;
			remoteInfo = WatchOrNot;
		};
		3FB84E5D2EC55431000C1E6D /* PBXContainerItemProxy */ = {
			isa = PBXContainerItemProxy;
			containerPortal = 3FB84E3D2EC55430000C1E6D /* Project object */;
			proxyType = 1;
			remoteGlobalIDString = 3FB84E442EC55430000C1E6D;
			remoteInfo = WatchOrNot;
		};
/* End PBXContainerItemProxy section */

/* Begin PBXFileReference section */
		3FB84E452EC55430000C1E6D /* WatchOrNot.app */ = {isa = PBXFileReference; explicitFileType = wrapper.application; includeInIndex = 0; path = WatchOrNot.app; sourceTree = BUILT_PRODUCTS_DIR; };
		3FB84E522EC55431000C1E6D /* WatchOrNotTests.xctest */ = {isa = PBXFileReference; explicitFileType = wrapper.cfbundle; includeInIndex = 0; path = WatchOrNotTests.xctest; sourceTree = BUILT_PRODUCTS_DIR; };
		3FB84E5C2EC55431000C1E6D /* WatchOrNotUITests.xctest */ = {isa = PBXFileReference; explicitFileType = wrapper.cfbundle; includeInIndex = 0; path = WatchOrNotUITests.xctest; sourceTree = BUILT_PRODUCTS_DIR; };
		3FB84E6F2EC5545B000C1E6D /* ContentView.swift */ = {isa = PBXFileReference; lastKnownFileType = sourcecode.swift; path = ContentView.swift; sourceTree = "<group>"; };
		3FB84E702EC5545B000C1E6D /* WatchOrNotApp.swift */ = {isa = PBXFileReference; lastKnownFileType = sourcecode.swift; path = WatchOrNotApp.swift; sourceTree = "<group>"; };
		3FB84E722EC5545B000C1E6D /* View+Extensions.swift */ = {isa = PBXFileReference; lastKnownFileType = sourcecode.swift; path = "View+Extensions.swift"; sourceTree = "<group>"; };
		3FB84E742EC5545B000C1E6D /* APIClient.swift */ = {isa = PBXFileReference; lastKnownFileType = sourcecode.swift; path = APIClient.swift; sourceTree = "<group>"; };
		3FB84E752EC5545B000C1E6D /* APIEndpoint.swift */ = {isa = PBXFileReference; lastKnownFileType = sourcecode.swift; path = APIEndpoint.swift; sourceTree = "<group>"; };
		3FB84E762EC5545B000C1E6D /* NetworkError.swift */ = {isa = PBXFileReference; lastKnownFileType = sourcecode.swift; path = NetworkError.swift; sourceTree = "<group>"; };
		3FB84E782EC5545B000C1E6D /* SessionManager.swift */ = {isa = PBXFileReference; lastKnownFileType = sourcecode.swift; path = SessionManager.swift; sourceTree = "<group>"; };
		3FB84E7A2EC5545B000C1E6D /* Config.swift */ = {isa = PBXFileReference; lastKnownFileType = sourcecode.swift; path = Config.swift; sourceTree = "<group>"; };
		3FB84E7C2EC5545B000C1E6D /* HistoryViewModel.swift */ = {isa = PBXFileReference; lastKnownFileType = sourcecode.swift; path = HistoryViewModel.swift; sourceTree = "<group>"; };
		3FB84E7E2EC5545B000C1E6D /* HistoryView.swift */ = {isa = PBXFileReference; lastKnownFileType = sourcecode.swift; path = HistoryView.swift; sourceTree = "<group>"; };
		3FB84E812EC5545B000C1E6D /* MovieSnapViewModel.swift */ = {isa = PBXFileReference; lastKnownFileType = sourcecode.swift; path = MovieSnapViewModel.swift; sourceTree = "<group>"; };
		3FB84E832EC5545B000C1E6D /* CameraView.swift */ = {isa = PBXFileReference; lastKnownFileType = sourcecode.swift; path = CameraView.swift; sourceTree = "<group>"; };
		3FB84E842EC5545B000C1E6D /* MovieDetailsResultView.swift */ = {isa = PBXFileReference; lastKnownFileType = sourcecode.swift; path = MovieDetailsResultView.swift; sourceTree = "<group>"; };
		3FB84E852EC5545B000C1E6D /* MovieSnapView.swift */ = {isa = PBXFileReference; lastKnownFileType = sourcecode.swift; path = MovieSnapView.swift; sourceTree = "<group>"; };
		3FB84E882EC5545B000C1E6D /* OnboardingViewModel.swift */ = {isa = PBXFileReference; lastKnownFileType = sourcecode.swift; path = OnboardingViewModel.swift; sourceTree = "<group>"; };
		3FB84E8A2EC5545B000C1E6D /* MovieCardView.swift */ = {isa = PBXFileReference; lastKnownFileType = sourcecode.swift; path = MovieCardView.swift; sourceTree = "<group>"; };
		3FB84E8B2EC5545B000C1E6D /* OnboardingCompleteView.swift */ = {isa = PBXFileReference; lastKnownFileType = sourcecode.swift; path = OnboardingCompleteView.swift; sourceTree = "<group>"; };
		3FB84E8C2EC5545B000C1E6D /* OnboardingHeaderView.swift */ = {isa = PBXFileReference; lastKnownFileType = sourcecode.swift; path = OnboardingHeaderView.swift; sourceTree = "<group>"; };
		3FB84E8D2EC5545B000C1E6D /* OnboardingView.swift */ = {isa = PBXFileReference; lastKnownFileType = sourcecode.swift; path = OnboardingView.swift; sourceTree = "<group>"; };
		3FB84E8E2EC5545B000C1E6D /* VoteButtonsView.swift */ = {isa = PBXFileReference; lastKnownFileType = sourcecode.swift; path = VoteButtonsView.swift; sourceTree = "<group>"; };
		3FB84E912EC5545B000C1E6D /* ProfileViewModel.swift */ = {isa = PBXFileReference; lastKnownFileType = sourcecode.swift; path = ProfileViewModel.swift; sourceTree = "<group>"; };
		3FB84E932EC5545B000C1E6D /* HistoryEntryView.swift */ = {isa = PBXFileReference; lastKnownFileType = sourcecode.swift; path = HistoryEntryView.swift; sourceTree = "<group>"; };
		3FB84E942EC5545B000C1E6D /* ProfileView.swift */ = {isa = PBXFileReference; lastKnownFileType = sourcecode.swift; path = ProfileView.swift; sourceTree = "<group>"; };
		3FB84E952EC5545B000C1E6D /* SimplifiedProfileView.swift */ = {isa = PBXFileReference; lastKnownFileType = sourcecode.swift; path = SimplifiedProfileView.swift; sourceTree = "<group>"; };
		3FB84E962EC5545B000C1E6D /* UserStatsCard.swift */ = {isa = PBXFileReference; lastKnownFileType = sourcecode.swift; path = UserStatsCard.swift; sourceTree = "<group>"; };
		3FB84E992EC5545B000C1E6D /* RecommendationsViewModel.swift */ = {isa = PBXFileReference; lastKnownFileType = sourcecode.swift; path = RecommendationsViewModel.swift; sourceTree = "<group>"; };
		3FB84E9B2EC5545B000C1E6D /* MovieListItemView.swift */ = {isa = PBXFileReference; lastKnownFileType = sourcecode.swift; path = MovieListItemView.swift; sourceTree = "<group>"; };
		3FB84E9C2EC5545B000C1E6D /* PreferencesHeaderView.swift */ = {isa = PBXFileReference; lastKnownFileType = sourcecode.swift; path = PreferencesHeaderView.swift; sourceTree = "<group>"; };
		3FB84E9D2EC5545B000C1E6D /* RecommendationsView.swift */ = {isa = PBXFileReference; lastKnownFileType = sourcecode.swift; path = RecommendationsView.swift; sourceTree = "<group>"; };
		3FB84EA12EC5545B000C1E6D /* ClaudeModels.swift */ = {isa = PBXFileReference; lastKnownFileType = sourcecode.swift; path = ClaudeModels.swift; sourceTree = "<group>"; };
		3FB84EA22EC5545B000C1E6D /* Movie.swift */ = {isa = PBXFileReference; lastKnownFileType = sourcecode.swift; path = Movie.swift; sourceTree = "<group>"; };
		3FB84EA32EC5545B000C1E6D /* OnboardingModels.swift */ = {isa = PBXFileReference; lastKnownFileType = sourcecode.swift; path = OnboardingModels.swift; sourceTree = "<group>"; };
		3FB84EA42EC5545B000C1E6D /* RecommendationModels.swift */ = {isa = PBXFileReference; lastKnownFileType = sourcecode.swift; path = RecommendationModels.swift; sourceTree = "<group>"; };
		3FB84EA52EC5545B000C1E6D /* UserModels.swift */ = {isa = PBXFileReference; lastKnownFileType = sourcecode.swift; path = UserModels.swift; sourceTree = "<group>"; };
		3FB84EA72EC5545B000C1E6D /* Assets.xcassets */ = {isa = PBXFileReference; lastKnownFileType = folder.assetcatalog; path = Assets.xcassets; sourceTree = "<group>"; };
		3FB84EA82EC5545B000C1E6D /* Info.plist */ = {isa = PBXFileReference; lastKnownFileType = text.plist.xml; path = Info.plist; sourceTree = "<group>"; };
		3FB84EAA2EC5545B000C1E6D /* BadgeView.swift */ = {isa = PBXFileReference; lastKnownFileType = sourcecode.swift; path = BadgeView.swift; sourceTree = "<group>"; };
		3FB84EAB2EC5545B000C1E6D /* LoadingView.swift */ = {isa = PBXFileReference; lastKnownFileType = sourcecode.swift; path = LoadingView.swift; sourceTree = "<group>"; };
		3FB84EAC2EC5545B000C1E6D /* MoviePosterView.swift */ = {isa = PBXFileReference; lastKnownFileType = sourcecode.swift; path = MoviePosterView.swift; sourceTree = "<group>"; };
		3FB84EAE2EC5545B000C1E6D /* Colors.swift */ = {isa = PBXFileReference; lastKnownFileType = sourcecode.swift; path = Colors.swift; sourceTree = "<group>"; };
		3FB84EAF2EC5545B000C1E6D /* Typography.swift */ = {isa = PBXFileReference; lastKnownFileType = sourcecode.swift; path = Typography.swift; sourceTree = "<group>"; };
		0C8E2C75417D47DAB1F52996 /* WelcomeView.swift */ = {isa = PBXFileReference; lastKnownFileType = sourcecode.swift; path = WelcomeView.swift; sourceTree = "<group>"; };
/* End PBXFileReference section */

/* Begin PBXFileSystemSynchronizedRootGroup section */
		3FB84E552EC55431000C1E6D /* WatchOrNotTests */ = {
			isa = PBXFileSystemSynchronizedRootGroup;
			path = WatchOrNotTests;
			sourceTree = "<group>";
		};
		3FB84E5F2EC55431000C1E6D /* WatchOrNotUITests */ = {
			isa = PBXFileSystemSynchronizedRootGroup;
			path = WatchOrNotUITests;
			sourceTree = "<group>";
		};
/* End PBXFileSystemSynchronizedRootGroup section */

/* Begin PBXFrameworksBuildPhase section */
		3FB84E422EC55430000C1E6D /* Frameworks */ = {
			isa = PBXFrameworksBuildPhase;
			buildActionMask = 2147483647;
			files = (
			);
			runOnlyForDeploymentPostprocessing = 0;
		};
		3FB84E4F2EC55431000C1E6D /* Frameworks */ = {
			isa = PBXFrameworksBuildPhase;
			buildActionMask = 2147483647;
			files = (
			);
			runOnlyForDeploymentPostprocessing = 0;
		};
		3FB84E592EC55431000C1E6D /* Frameworks */ = {
			isa = PBXFrameworksBuildPhase;
			buildActionMask = 2147483647;
			files = (
			);
			runOnlyForDeploymentPostprocessing = 0;
		};
/* End PBXFrameworksBuildPhase section */

/* Begin PBXGroup section */
		3FB84E3C2EC55430000C1E6D = {
			isa = PBXGroup;
			children = (
				3FB84E712EC5545B000C1E6D /* App */,
				3FB84E7B2EC5545B000C1E6D /* Core */,
				3FB84EA02EC5545B000C1E6D /* Features */,
				3FB84EA62EC5545B000C1E6D /* Models */,
				3FB84EA92EC5545B000C1E6D /* Resources */,
				3FB84EB12EC5545B000C1E6D /* Shared */,
				3FB84E552EC55431000C1E6D /* WatchOrNotTests */,
				3FB84E5F2EC55431000C1E6D /* WatchOrNotUITests */,
				3FB84E462EC55430000C1E6D /* Products */,
			);
			sourceTree = "<group>";
		};
		3FB84E462EC55430000C1E6D /* Products */ = {
			isa = PBXGroup;
			children = (
				3FB84E452EC55430000C1E6D /* WatchOrNot.app */,
				3FB84E522EC55431000C1E6D /* WatchOrNotTests.xctest */,
				3FB84E5C2EC55431000C1E6D /* WatchOrNotUITests.xctest */,
			);
			name = Products;
			sourceTree = "<group>";
		};
		3FB84E712EC5545B000C1E6D /* App */ = {
			isa = PBXGroup;
			children = (
				3FB84E6F2EC5545B000C1E6D /* ContentView.swift */,
				3FB84E702EC5545B000C1E6D /* WatchOrNotApp.swift */,
			);
			path = App;
			sourceTree = "<group>";
		};
		3FB84E732EC5545B000C1E6D /* Extensions */ = {
			isa = PBXGroup;
			children = (
				3FB84E722EC5545B000C1E6D /* View+Extensions.swift */,
			);
			path = Extensions;
			sourceTree = "<group>";
		};
		3FB84E772EC5545B000C1E6D /* Networking */ = {
			isa = PBXGroup;
			children = (
				3FB84E742EC5545B000C1E6D /* APIClient.swift */,
				3FB84E752EC5545B000C1E6D /* APIEndpoint.swift */,
				3FB84E762EC5545B000C1E6D /* NetworkError.swift */,
			);
			path = Networking;
			sourceTree = "<group>";
		};
		3FB84E792EC5545B000C1E6D /* Session */ = {
			isa = PBXGroup;
			children = (
				3FB84E782EC5545B000C1E6D /* SessionManager.swift */,
			);
			path = Session;
			sourceTree = "<group>";
		};
		3FB84E7B2EC5545B000C1E6D /* Core */ = {
			isa = PBXGroup;
			children = (
				3FB84E732EC5545B000C1E6D /* Extensions */,
				3FB84E772EC5545B000C1E6D /* Networking */,
				3FB84E792EC5545B000C1E6D /* Session */,
				3FB84E7A2EC5545B000C1E6D /* Config.swift */,
			);
			path = Core;
			sourceTree = "<group>";
		};
		3FB84E7D2EC5545B000C1E6D /* ViewModels */ = {
			isa = PBXGroup;
			children = (
				3FB84E7C2EC5545B000C1E6D /* HistoryViewModel.swift */,
			);
			path = ViewModels;
			sourceTree = "<group>";
		};
		3FB84E7F2EC5545B000C1E6D /* Views */ = {
			isa = PBXGroup;
			children = (
				3FB84E7E2EC5545B000C1E6D /* HistoryView.swift */,
			);
			path = Views;
			sourceTree = "<group>";
		};
		3FB84E802EC5545B000C1E6D /* History */ = {
			isa = PBXGroup;
			children = (
				3FB84E7D2EC5545B000C1E6D /* ViewModels */,
				3FB84E7F2EC5545B000C1E6D /* Views */,
			);
			path = History;
			sourceTree = "<group>";
		};
		3FB84E822EC5545B000C1E6D /* ViewModels */ = {
			isa = PBXGroup;
			children = (
				3FB84E812EC5545B000C1E6D /* MovieSnapViewModel.swift */,
			);
			path = ViewModels;
			sourceTree = "<group>";
		};
		3FB84E862EC5545B000C1E6D /* Views */ = {
			isa = PBXGroup;
			children = (
				3FB84E832EC5545B000C1E6D /* CameraView.swift */,
				3FB84E842EC5545B000C1E6D /* MovieDetailsResultView.swift */,
				3FB84E852EC5545B000C1E6D /* MovieSnapView.swift */,
			);
			path = Views;
			sourceTree = "<group>";
		};
		3FB84E872EC5545B000C1E6D /* MovieSnap */ = {
			isa = PBXGroup;
			children = (
				3FB84E822EC5545B000C1E6D /* ViewModels */,
				3FB84E862EC5545B000C1E6D /* Views */,
			);
			path = MovieSnap;
			sourceTree = "<group>";
		};
		3FB84E892EC5545B000C1E6D /* ViewModels */ = {
			isa = PBXGroup;
			children = (
				3FB84E882EC5545B000C1E6D /* OnboardingViewModel.swift */,
			);
			path = ViewModels;
			sourceTree = "<group>";
		};
		3FB84E8F2EC5545B000C1E6D /* Views */ = {
			isa = PBXGroup;
			children = (
				3FB84E8A2EC5545B000C1E6D /* MovieCardView.swift */,
				3FB84E8B2EC5545B000C1E6D /* OnboardingCompleteView.swift */,
				3FB84E8C2EC5545B000C1E6D /* OnboardingHeaderView.swift */,
				3FB84E8D2EC5545B000C1E6D /* OnboardingView.swift */,
				3FB84E8E2EC5545B000C1E6D /* VoteButtonsView.swift */,
			);
			path = Views;
			sourceTree = "<group>";
		};
		3FB84E902EC5545B000C1E6D /* Onboarding */ = {
			isa = PBXGroup;
			children = (
				3FB84E892EC5545B000C1E6D /* ViewModels */,
				3FB84E8F2EC5545B000C1E6D /* Views */,
			);
			path = Onboarding;
			sourceTree = "<group>";
		};
		3FB84E922EC5545B000C1E6D /* ViewModels */ = {
			isa = PBXGroup;
			children = (
				3FB84E912EC5545B000C1E6D /* ProfileViewModel.swift */,
			);
			path = ViewModels;
			sourceTree = "<group>";
		};
		3FB84E972EC5545B000C1E6D /* Views */ = {
			isa = PBXGroup;
			children = (
				3FB84E932EC5545B000C1E6D /* HistoryEntryView.swift */,
				3FB84E942EC5545B000C1E6D /* ProfileView.swift */,
				3FB84E952EC5545B000C1E6D /* SimplifiedProfileView.swift */,
				3FB84E962EC5545B000C1E6D /* UserStatsCard.swift */,
			);
			path = Views;
			sourceTree = "<group>";
		};
		3FB84E982EC5545B000C1E6D /* Profile */ = {
			isa = PBXGroup;
			children = (
				3FB84E922EC5545B000C1E6D /* ViewModels */,
				3FB84E972EC5545B000C1E6D /* Views */,
			);
			path = Profile;
			sourceTree = "<group>";
		};
		3FB84E9A2EC5545B000C1E6D /* ViewModels */ = {
			isa = PBXGroup;
			children = (
				3FB84E992EC5545B000C1E6D /* RecommendationsViewModel.swift */,
			);
			path = ViewModels;
			sourceTree = "<group>";
		};
		3FB84E9E2EC5545B000C1E6D /* Views */ = {
			isa = PBXGroup;
			children = (
				3FB84E9B2EC5545B000C1E6D /* MovieListItemView.swift */,
				3FB84E9C2EC5545B000C1E6D /* PreferencesHeaderView.swift */,
				3FB84E9D2EC5545B000C1E6D /* RecommendationsView.swift */,
			);
			path = Views;
			sourceTree = "<group>";
		};
		3FB84E9F2EC5545B000C1E6D /* Recommendations */ = {
			isa = PBXGroup;
			children = (
				3FB84E9A2EC5545B000C1E6D /* ViewModels */,
				3FB84E9E2EC5545B000C1E6D /* Views */,
			);
			path = Recommendations;
			sourceTree = "<group>";
		};
		3FB84EA02EC5545B000C1E6D /* Features */ = {
			isa = PBXGroup;
			children = (
				3FB84E802EC5545B000C1E6D /* History */,
				3FB84E872EC5545B000C1E6D /* MovieSnap */,
				3FB84E902EC5545B000C1E6D /* Onboarding */,
				3FB84E982EC5545B000C1E6D /* Profile */,
				3FB84E9F2EC5545B000C1E6D /* Recommendations */,
				8B75A5E7C4714FD98A716188 /* Welcome */,
			);
			path = Features;
			sourceTree = "<group>";
		};
		3FB84EA62EC5545B000C1E6D /* Models */ = {
			isa = PBXGroup;
			children = (
				3FB84EA12EC5545B000C1E6D /* ClaudeModels.swift */,
				3FB84EA22EC5545B000C1E6D /* Movie.swift */,
				3FB84EA32EC5545B000C1E6D /* OnboardingModels.swift */,
				3FB84EA42EC5545B000C1E6D /* RecommendationModels.swift */,
				3FB84EA52EC5545B000C1E6D /* UserModels.swift */,
			);
			path = Models;
			sourceTree = "<group>";
		};
		3FB84EA92EC5545B000C1E6D /* Resources */ = {
			isa = PBXGroup;
			children = (
				3FB84EA72EC5545B000C1E6D /* Assets.xcassets */,
				3FB84EA82EC5545B000C1E6D /* Info.plist */,
			);
			path = Resources;
			sourceTree = "<group>";
		};
		3FB84EAD2EC5545B000C1E6D /* Components */ = {
			isa = PBXGroup;
			children = (
				3FB84EAA2EC5545B000C1E6D /* BadgeView.swift */,
				3FB84EAB2EC5545B000C1E6D /* LoadingView.swift */,
				3FB84EAC2EC5545B000C1E6D /* MoviePosterView.swift */,
			);
			path = Components;
			sourceTree = "<group>";
		};
		3FB84EB02EC5545B000C1E6D /* Theme */ = {
			isa = PBXGroup;
			children = (
				3FB84EAE2EC5545B000C1E6D /* Colors.swift */,
				3FB84EAF2EC5545B000C1E6D /* Typography.swift */,
			);
			path = Theme;
			sourceTree = "<group>";
		};
		3FB84EB12EC5545B000C1E6D /* Shared */ = {
			isa = PBXGroup;
			children = (
				3FB84EAD2EC5545B000C1E6D /* Components */,
				3FB84EB02EC5545B000C1E6D /* Theme */,
			);
			path = Shared;
			sourceTree = "<group>";
		};
		8B75A5E7C4714FD98A716188 /* Welcome */ = {
			isa = PBXGroup;
			children = (
				2C4FF8092F2047EE8D7FA043 /* Views */,
			);
			path = Welcome;
			sourceTree = "<group>";
		};
		2C4FF8092F2047EE8D7FA043 /* Views */ = {
			isa = PBXGroup;
			children = (
				0C8E2C75417D47DAB1F52996 /* WelcomeView.swift */,
			);
			path = Views;
			sourceTree = "<group>";
		};
/* End PBXGroup section */

/* Begin PBXNativeTarget section */
		3FB84E442EC55430000C1E6D /* WatchOrNot */ = {
			isa = PBXNativeTarget;
			buildConfigurationList = 3FB84E662EC55431000C1E6D /* Build configuration list for PBXNativeTarget "WatchOrNot" */;
			buildPhases = (
				3FB84E412EC55430000C1E6D /* Sources */,
				3FB84E422EC55430000C1E6D /* Frameworks */,
				3FB84E432EC55430000C1E6D /* Resources */,
			);
			buildRules = (
			);
			dependencies = (
			);
			name = WatchOrNot;
			packageProductDependencies = (
			);
			productName = WatchOrNot;
			productReference = 3FB84E452EC55430000C1E6D /* WatchOrNot.app */;
			productType = "com.apple.product-type.application";
		};
		3FB84E512EC55431000C1E6D /* WatchOrNotTests */ = {
			isa = PBXNativeTarget;
			buildConfigurationList = 3FB84E692EC55431000C1E6D /* Build configuration list for PBXNativeTarget "WatchOrNotTests" */;
			buildPhases = (
				3FB84E4E2EC55431000C1E6D /* Sources */,
				3FB84E4F2EC55431000C1E6D /* Frameworks */,
				3FB84E502EC55431000C1E6D /* Resources */,
			);
			buildRules = (
			);
			dependencies = (
				3FB84E542EC55431000C1E6D /* PBXTargetDependency */,
			);
			fileSystemSynchronizedGroups = (
				3FB84E552EC55431000C1E6D /* WatchOrNotTests */,
			);
			name = WatchOrNotTests;
			packageProductDependencies = (
			);
			productName = WatchOrNotTests;
			productReference = 3FB84E522EC55431000C1E6D /* WatchOrNotTests.xctest */;
			productType = "com.apple.product-type.bundle.unit-test";
		};
		3FB84E5B2EC55431000C1E6D /* WatchOrNotUITests */ = {
			isa = PBXNativeTarget;
			buildConfigurationList = 3FB84E6C2EC55431000C1E6D /* Build configuration list for PBXNativeTarget "WatchOrNotUITests" */;
			buildPhases = (
				3FB84E582EC55431000C1E6D /* Sources */,
				3FB84E592EC55431000C1E6D /* Frameworks */,
				3FB84E5A2EC55431000C1E6D /* Resources */,
			);
			buildRules = (
			);
			dependencies = (
				3FB84E5E2EC55431000C1E6D /* PBXTargetDependency */,
			);
			fileSystemSynchronizedGroups = (
				3FB84E5F2EC55431000C1E6D /* WatchOrNotUITests */,
			);
			name = WatchOrNotUITests;
			packageProductDependencies = (
			);
			productName = WatchOrNotUITests;
			productReference = 3FB84E5C2EC55431000C1E6D /* WatchOrNotUITests.xctest */;
			productType = "com.apple.product-type.bundle.ui-testing";
		};
/* End PBXNativeTarget section */

/* Begin PBXProject section */
		3FB84E3D2EC55430000C1E6D /* Project object */ = {
			isa = PBXProject;
			attributes = {
				BuildIndependentTargetsInParallel = 1;
				LastSwiftUpdateCheck = 1640;
				LastUpgradeCheck = 1640;
				TargetAttributes = {
					3FB84E442EC55430000C1E6D = {
						CreatedOnToolsVersion = 16.4;
					};
					3FB84E512EC55431000C1E6D = {
						CreatedOnToolsVersion = 16.4;
						TestTargetID = 3FB84E442EC55430000C1E6D;
					};
					3FB84E5B2EC55431000C1E6D = {
						CreatedOnToolsVersion = 16.4;
						TestTargetID = 3FB84E442EC55430000C1E6D;
					};
				};
			};
			buildConfigurationList = 3FB84E402EC55430000C1E6D /* Build configuration list for PBXProject "WatchOrNot" */;
			developmentRegion = en;
			hasScannedForEncodings = 0;
			knownRegions = (
				en,
				Base,
			);
			mainGroup = 3FB84E3C2EC55430000C1E6D;
			minimizedProjectReferenceProxies = 1;
			preferredProjectObjectVersion = 77;
			productRefGroup = 3FB84E462EC55430000C1E6D /* Products */;
			projectDirPath = "";
			projectRoot = "";
			targets = (
				3FB84E442EC55430000C1E6D /* WatchOrNot */,
				3FB84E512EC55431000C1E6D /* WatchOrNotTests */,
				3FB84E5B2EC55431000C1E6D /* WatchOrNotUITests */,
			);
		};
/* End PBXProject section */

/* Begin PBXResourcesBuildPhase section */
		3FB84E432EC55430000C1E6D /* Resources */ = {
			isa = PBXResourcesBuildPhase;
			buildActionMask = 2147483647;
			files = (
				3FB84EDB2EC5608C000C1E6D /* Assets.xcassets in Resources */,
			);
			runOnlyForDeploymentPostprocessing = 0;
		};
		3FB84E502EC55431000C1E6D /* Resources */ = {
			isa = PBXResourcesBuildPhase;
			buildActionMask = 2147483647;
			files = (
			);
			runOnlyForDeploymentPostprocessing = 0;
		};
		3FB84E5A2EC55431000C1E6D /* Resources */ = {
			isa = PBXResourcesBuildPhase;
			buildActionMask = 2147483647;
			files = (
			);
			runOnlyForDeploymentPostprocessing = 0;
		};
/* End PBXResourcesBuildPhase section */

/* Begin PBXSourcesBuildPhase section */
		3FB84E412EC55430000C1E6D /* Sources */ = {
			isa = PBXSourcesBuildPhase;
			buildActionMask = 2147483647;
			files = (
				3FB84EB42EC5545B000C1E6D /* ProfileViewModel.swift in Sources */,
				3FB84EB52EC5545B000C1E6D /* APIClient.swift in Sources */,
				3FB84EB62EC5545B000C1E6D /* UserModels.swift in Sources */,
				3FB84EB72EC5545B000C1E6D /* SimplifiedProfileView.swift in Sources */,
				3FB84EB82EC5545B000C1E6D /* ClaudeModels.swift in Sources */,
				3FB84EB92EC5545B000C1E6D /* NetworkError.swift in Sources */,
				3FB84EBA2EC5545B000C1E6D /* PreferencesHeaderView.swift in Sources */,
				3FB84EBB2EC5545B000C1E6D /* BadgeView.swift in Sources */,
				3FB84EBC2EC5545B000C1E6D /* OnboardingHeaderView.swift in Sources */,
				3FB84EBD2EC5545B000C1E6D /* HistoryViewModel.swift in Sources */,
				3FB84EBE2EC5545B000C1E6D /* RecommendationsView.swift in Sources */,
				3FB84EBF2EC5545B000C1E6D /* RecommendationsViewModel.swift in Sources */,
				3FB84EC02EC5545B000C1E6D /* HistoryView.swift in Sources */,
				3FB84EC12EC5545B000C1E6D /* SessionManager.swift in Sources */,
				3FB84EC22EC5545B000C1E6D /* View+Extensions.swift in Sources */,
				3FB84EC32EC5545B000C1E6D /* UserStatsCard.swift in Sources */,
				3FB84EC42EC5545B000C1E6D /* OnboardingCompleteView.swift in Sources */,
				3FB84EC52EC5545B000C1E6D /* Movie.swift in Sources */,
				3FB84EC62EC5545B000C1E6D /* MovieDetailsResultView.swift in Sources */,
				3FB84EC72EC5545B000C1E6D /* OnboardingView.swift in Sources */,
				3FB84EC82EC5545B000C1E6D /* VoteButtonsView.swift in Sources */,
				3FB84EC92EC5545B000C1E6D /* LoadingView.swift in Sources */,
				3FB84ECA2EC5545B000C1E6D /* ProfileView.swift in Sources */,
				3FB84ECB2EC5545B000C1E6D /* ContentView.swift in Sources */,
				3FB84ECC2EC5545B000C1E6D /* WatchOrNotApp.swift in Sources */,
				3FB84ECD2EC5545B000C1E6D /* HistoryEntryView.swift in Sources */,
				3FB84ECE2EC5545B000C1E6D /* MovieListItemView.swift in Sources */,
				3FB84ECF2EC5545B000C1E6D /* Colors.swift in Sources */,
				3FB84ED02EC5545B000C1E6D /* MovieSnapView.swift in Sources */,
				3FB84ED12EC5545B000C1E6D /* Config.swift in Sources */,
				3FB84ED22EC5545B000C1E6D /* RecommendationModels.swift in Sources */,
				3FB84ED32EC5545B000C1E6D /* APIEndpoint.swift in Sources */,
				3FB84ED42EC5545B000C1E6D /* MovieCardView.swift in Sources */,
				3FB84ED52EC5545B000C1E6D /* Typography.swift in Sources */,
				3FB84ED62EC5545B000C1E6D /* OnboardingModels.swift in Sources */,
				3FB84ED72EC5545B000C1E6D /* MovieSnapViewModel.swift in Sources */,
				3FB84ED82EC5545B000C1E6D /* CameraView.swift in Sources */,
				3FB84ED92EC5545B000C1E6D /* OnboardingViewModel.swift in Sources */,
				3FB84EDA2EC5545B000C1E6D /* MoviePosterView.swift in Sources */,
				D72E93AEB9EB48129DFAACEF /* WelcomeView.swift in Sources */,
			);
			runOnlyForDeploymentPostprocessing = 0;
		};
		3FB84E4E2EC55431000C1E6D /* Sources */ = {
			isa = PBXSourcesBuildPhase;
			buildActionMask = 2147483647;
			files = (
			);
			runOnlyForDeploymentPostprocessing = 0;
		};
		3FB84E582EC55431000C1E6D /* Sources */ = {
			isa = PBXSourcesBuildPhase;
			buildActionMask = 2147483647;
			files = (
			);
			runOnlyForDeploymentPostprocessing = 0;
		};
/* End PBXSourcesBuildPhase section */

/* Begin PBXTargetDependency section */
		3FB84E542EC55431000C1E6D /* PBXTargetDependency */ = {
			isa = PBXTargetDependency;
			target = 3FB84E442EC55430000C1E6D /* WatchOrNot */;
			targetProxy = 3FB84E532EC55431000C1E6D /* PBXContainerItemProxy */;
		};
		3FB84E5E2EC55431000C1E6D /* PBXTargetDependency */ = {
			isa = PBXTargetDependency;
			target = 3FB84E442EC55430000C1E6D /* WatchOrNot */;
			targetProxy = 3FB84E5D2EC55431000C1E6D /* PBXContainerItemProxy */;
		};
/* End PBXTargetDependency section */

/* Begin XCBuildConfiguration section */
		3FB84E642EC55431000C1E6D /* Debug */ = {
			isa = XCBuildConfiguration;
			buildSettings = {
				ALWAYS_SEARCH_USER_PATHS = NO;
				ASSETCATALOG_COMPILER_GENERATE_SWIFT_ASSET_SYMBOL_EXTENSIONS = NO;
				CLANG_ANALYZER_NONNULL = YES;
				CLANG_ANALYZER_NUMBER_OBJECT_CONVERSION = YES_AGGRESSIVE;
				CLANG_CXX_LANGUAGE_STANDARD = "gnu++20";
				CLANG_ENABLE_MODULES = YES;
				CLANG_ENABLE_OBJC_ARC = YES;
				CLANG_ENABLE_OBJC_WEAK = YES;
				CLANG_WARN_BLOCK_CAPTURE_AUTORELEASING = YES;
				CLANG_WARN_BOOL_CONVERSION = YES;
				CLANG_WARN_COMMA = YES;
				CLANG_WARN_CONSTANT_CONVERSION = YES;
				CLANG_WARN_DEPRECATED_OBJC_IMPLEMENTATIONS = YES;
				CLANG_WARN_DIRECT_OBJC_ISA_USAGE = YES_ERROR;
				CLANG_WARN_DOCUMENTATION_COMMENTS = YES;
				CLANG_WARN_EMPTY_BODY = YES;
				CLANG_WARN_ENUM_CONVERSION = YES;
				CLANG_WARN_INFINITE_RECURSION = YES;
				CLANG_WARN_INT_CONVERSION = YES;
				CLANG_WARN_NON_LITERAL_NULL_CONVERSION = YES;
				CLANG_WARN_OBJC_IMPLICIT_RETAIN_SELF = YES;
				CLANG_WARN_OBJC_LITERAL_CONVERSION = YES;
				CLANG_WARN_OBJC_ROOT_CLASS = YES_ERROR;
				CLANG_WARN_QUOTED_INCLUDE_IN_FRAMEWORK_HEADER = YES;
				CLANG_WARN_RANGE_LOOP_ANALYSIS = YES;
				CLANG_WARN_STRICT_PROTOTYPES = YES;
				CLANG_WARN_SUSPICIOUS_MOVE = YES;
				CLANG_WARN_UNGUARDED_AVAILABILITY = YES_AGGRESSIVE;
				CLANG_WARN_UNREACHABLE_CODE = YES;
				CLANG_WARN__DUPLICATE_METHOD_MATCH = YES;
				COPY_PHASE_STRIP = NO;
				DEBUG_INFORMATION_FORMAT = dwarf;
				DEVELOPMENT_TEAM = U28PH9QG2B;
				ENABLE_STRICT_OBJC_MSGSEND = YES;
				ENABLE_TESTABILITY = YES;
				ENABLE_USER_SCRIPT_SANDBOXING = YES;
				GCC_C_LANGUAGE_STANDARD = gnu17;
				GCC_DYNAMIC_NO_PIC = NO;
				GCC_NO_COMMON_BLOCKS = YES;
				GCC_OPTIMIZATION_LEVEL = 0;
				GCC_PREPROCESSOR_DEFINITIONS = (
					"DEBUG=1",
					"$(inherited)",
				);
				GCC_WARN_64_TO_32_BIT_CONVERSION = YES;
				GCC_WARN_ABOUT_RETURN_TYPE = YES_ERROR;
				GCC_WARN_UNDECLARED_SELECTOR = YES;
				GCC_WARN_UNINITIALIZED_AUTOS = YES_AGGRESSIVE;
				GCC_WARN_UNUSED_FUNCTION = YES;
				GCC_WARN_UNUSED_VARIABLE = YES;
				IPHONEOS_DEPLOYMENT_TARGET = 18.5;
				LOCALIZATION_PREFERS_STRING_CATALOGS = YES;
				MTL_ENABLE_DEBUG_INFO = INCLUDE_SOURCE;
				MTL_FAST_MATH = YES;
				ONLY_ACTIVE_ARCH = YES;
				SDKROOT = iphoneos;
				SWIFT_ACTIVE_COMPILATION_CONDITIONS = "DEBUG $(inherited)";
				SWIFT_OPTIMIZATION_LEVEL = "-Onone";
			};
			name = Debug;
		};
		3FB84E652EC55431000C1E6D /* Release */ = {
			isa = XCBuildConfiguration;
			buildSettings = {
				ALWAYS_SEARCH_USER_PATHS = NO;
				ASSETCATALOG_COMPILER_GENERATE_SWIFT_ASSET_SYMBOL_EXTENSIONS = NO;
				CLANG_ANALYZER_NONNULL = YES;
				CLANG_ANALYZER_NUMBER_OBJECT_CONVERSION = YES_AGGRESSIVE;
				CLANG_CXX_LANGUAGE_STANDARD = "gnu++20";
				CLANG_ENABLE_MODULES = YES;
				CLANG_ENABLE_OBJC_ARC = YES;
				CLANG_ENABLE_OBJC_WEAK = YES;
				CLANG_WARN_BLOCK_CAPTURE_AUTORELEASING = YES;
				CLANG_WARN_BOOL_CONVERSION = YES;
				CLANG_WARN_COMMA = YES;
				CLANG_WARN_CONSTANT_CONVERSION = YES;
				CLANG_WARN_DEPRECATED_OBJC_IMPLEMENTATIONS = YES;
				CLANG_WARN_DIRECT_OBJC_ISA_USAGE = YES_ERROR;
				CLANG_WARN_DOCUMENTATION_COMMENTS = YES;
				CLANG_WARN_EMPTY_BODY = YES;
				CLANG_WARN_ENUM_CONVERSION = YES;
				CLANG_WARN_INFINITE_RECURSION = YES;
				CLANG_WARN_INT_CONVERSION = YES;
				CLANG_WARN_NON_LITERAL_NULL_CONVERSION = YES;
				CLANG_WARN_OBJC_IMPLICIT_RETAIN_SELF = YES;
				CLANG_WARN_OBJC_LITERAL_CONVERSION = YES;
				CLANG_WARN_OBJC_ROOT_CLASS = YES_ERROR;
				CLANG_WARN_QUOTED_INCLUDE_IN_FRAMEWORK_HEADER = YES;
				CLANG_WARN_RANGE_LOOP_ANALYSIS = YES;
				CLANG_WARN_STRICT_PROTOTYPES = YES;
				CLANG_WARN_SUSPICIOUS_MOVE = YES;
				CLANG_WARN_UNGUARDED_AVAILABILITY = YES_AGGRESSIVE;
				CLANG_WARN_UNREACHABLE_CODE = YES;
				CLANG_WARN__DUPLICATE_METHOD_MATCH = YES;
				COPY_PHASE_STRIP = NO;
				DEBUG_INFORMATION_FORMAT = "dwarf-with-dsym";
				DEVELOPMENT_TEAM = U28PH9QG2B;
				ENABLE_NS_ASSERTIONS = NO;
				ENABLE_STRICT_OBJC_MSGSEND = YES;
				ENABLE_USER_SCRIPT_SANDBOXING = YES;
				GCC_C_LANGUAGE_STANDARD = gnu17;
				GCC_NO_COMMON_BLOCKS = YES;
				GCC_WARN_64_TO_32_BIT_CONVERSION = YES;
				GCC_WARN_ABOUT_RETURN_TYPE = YES_ERROR;
				GCC_WARN_UNDECLARED_SELECTOR = YES;
				GCC_WARN_UNINITIALIZED_AUTOS = YES_AGGRESSIVE;
				GCC_WARN_UNUSED_FUNCTION = YES;
				GCC_WARN_UNUSED_VARIABLE = YES;
				IPHONEOS_DEPLOYMENT_TARGET = 18.5;
				LOCALIZATION_PREFERS_STRING_CATALOGS = YES;
				MTL_ENABLE_DEBUG_INFO = NO;
				MTL_FAST_MATH = YES;
				SDKROOT = iphoneos;
				SWIFT_COMPILATION_MODE = wholemodule;
				VALIDATE_PRODUCT = YES;
			};
			name = Release;
		};
		3FB84E672EC55431000C1E6D /* Debug */ = {
			isa = XCBuildConfiguration;
			buildSettings = {
				ASSETCATALOG_COMPILER_APPICON_NAME = AppIcon;
				ASSETCATALOG_COMPILER_GLOBAL_ACCENT_COLOR_NAME = AccentColor;
				CODE_SIGN_STYLE = Automatic;
				CURRENT_PROJECT_VERSION = 1;
				DEVELOPMENT_TEAM = U28PH9QG2B;
				ENABLE_PREVIEWS = YES;
				GENERATE_INFOPLIST_FILE = YES;
				INFOPLIST_FILE = Resources/Info.plist;
				INFOPLIST_KEY_UIApplicationSceneManifest_Generation = YES;
				INFOPLIST_KEY_UIApplicationSupportsIndirectInputEvents = YES;
				INFOPLIST_KEY_UILaunchScreen_Generation = YES;
				INFOPLIST_KEY_UISupportedInterfaceOrientations_iPad = "UIInterfaceOrientationPortrait UIInterfaceOrientationPortraitUpsideDown UIInterfaceOrientationLandscapeLeft UIInterfaceOrientationLandscapeRight";
				INFOPLIST_KEY_UISupportedInterfaceOrientations_iPhone = "UIInterfaceOrientationPortrait UIInterfaceOrientationLandscapeLeft UIInterfaceOrientationLandscapeRight";
				IPHONEOS_DEPLOYMENT_TARGET = 17.6;
				LD_RUNPATH_SEARCH_PATHS = (
					"$(inherited)",
					"@executable_path/Frameworks",
				);
				MARKETING_VERSION = 1.0;
				PRODUCT_BUNDLE_IDENTIFIER = com.watchornot.WatchOrNot;
				PRODUCT_NAME = "$(TARGET_NAME)";
				SWIFT_EMIT_LOC_STRINGS = YES;
				SWIFT_VERSION = 5.0;
				TARGETED_DEVICE_FAMILY = "1,2";
			};
			name = Debug;
		};
		3FB84E682EC55431000C1E6D /* Release */ = {
			isa = XCBuildConfiguration;
			buildSettings = {
				ASSETCATALOG_COMPILER_APPICON_NAME = AppIcon;
				ASSETCATALOG_COMPILER_GLOBAL_ACCENT_COLOR_NAME = AccentColor;
				CODE_SIGN_STYLE = Automatic;
				CURRENT_PROJECT_VERSION = 1;
				DEVELOPMENT_TEAM = U28PH9QG2B;
				ENABLE_PREVIEWS = YES;
				GENERATE_INFOPLIST_FILE = YES;
				INFOPLIST_FILE = Resources/Info.plist;
				INFOPLIST_KEY_UIApplicationSceneManifest_Generation = YES;
				INFOPLIST_KEY_UIApplicationSupportsIndirectInputEvents = YES;
				INFOPLIST_KEY_UILaunchScreen_Generation = YES;
				INFOPLIST_KEY_UISupportedInterfaceOrientations_iPad = "UIInterfaceOrientationPortrait UIInterfaceOrientationPortraitUpsideDown UIInterfaceOrientationLandscapeLeft UIInterfaceOrientationLandscapeRight";
				INFOPLIST_KEY_UISupportedInterfaceOrientations_iPhone = "UIInterfaceOrientationPortrait UIInterfaceOrientationLandscapeLeft UIInterfaceOrientationLandscapeRight";
				IPHONEOS_DEPLOYMENT_TARGET = 17.6;
				LD_RUNPATH_SEARCH_PATHS = (
					"$(inherited)",
					"@executable_path/Frameworks",
				);
				MARKETING_VERSION = 1.0;
				PRODUCT_BUNDLE_IDENTIFIER = com.watchornot.WatchOrNot;
				PRODUCT_NAME = "$(TARGET_NAME)";
				SWIFT_EMIT_LOC_STRINGS = YES;
				SWIFT_VERSION = 5.0;
				TARGETED_DEVICE_FAMILY = "1,2";
			};
			name = Release;
		};
		3FB84E6A2EC55431000C1E6D /* Debug */ = {
			isa = XCBuildConfiguration;
			buildSettings = {
				BUNDLE_LOADER = "$(TEST_HOST)";
				CODE_SIGN_STYLE = Automatic;
				CURRENT_PROJECT_VERSION = 1;
				DEVELOPMENT_TEAM = U28PH9QG2B;
				GENERATE_INFOPLIST_FILE = YES;
				IPHONEOS_DEPLOYMENT_TARGET = 18.5;
				MARKETING_VERSION = 1.0;
				PRODUCT_BUNDLE_IDENTIFIER = com.watchornot.WatchOrNotTests;
				PRODUCT_NAME = "$(TARGET_NAME)";
				SWIFT_EMIT_LOC_STRINGS = NO;
				SWIFT_VERSION = 5.0;
				TARGETED_DEVICE_FAMILY = "1,2";
				TEST_HOST = "$(BUILT_PRODUCTS_DIR)/WatchOrNot.app/$(BUNDLE_EXECUTABLE_FOLDER_PATH)/WatchOrNot";
			};
			name = Debug;
		};
		3FB84E6B2EC55431000C1E6D /* Release */ = {
			isa = XCBuildConfiguration;
			buildSettings = {
				BUNDLE_LOADER = "$(TEST_HOST)";
				CODE_SIGN_STYLE = Automatic;
				CURRENT_PROJECT_VERSION = 1;
				DEVELOPMENT_TEAM = U28PH9QG2B;
				GENERATE_INFOPLIST_FILE = YES;
				IPHONEOS_DEPLOYMENT_TARGET = 18.5;
				MARKETING_VERSION = 1.0;
				PRODUCT_BUNDLE_IDENTIFIER = com.watchornot.WatchOrNotTests;
				PRODUCT_NAME = "$(TARGET_NAME)";
				SWIFT_EMIT_LOC_STRINGS = NO;
				SWIFT_VERSION = 5.0;
				TARGETED_DEVICE_FAMILY = "1,2";
				TEST_HOST = "$(BUILT_PRODUCTS_DIR)/WatchOrNot.app/$(BUNDLE_EXECUTABLE_FOLDER_PATH)/WatchOrNot";
			};
			name = Release;
		};
		3FB84E6D2EC55431000C1E6D /* Debug */ = {
			isa = XCBuildConfiguration;
			buildSettings = {
				CODE_SIGN_STYLE = Automatic;
				CURRENT_PROJECT_VERSION = 1;
				DEVELOPMENT_TEAM = U28PH9QG2B;
				GENERATE_INFOPLIST_FILE = YES;
				MARKETING_VERSION = 1.0;
				PRODUCT_BUNDLE_IDENTIFIER = com.watchornot.WatchOrNotUITests;
				PRODUCT_NAME = "$(TARGET_NAME)";
				SWIFT_EMIT_LOC_STRINGS = NO;
				SWIFT_VERSION = 5.0;
				TARGETED_DEVICE_FAMILY = "1,2";
				TEST_TARGET_NAME = WatchOrNot;
			};
			name = Debug;
		};
		3FB84E6E2EC55431000C1E6D /* Release */ = {
			isa = XCBuildConfiguration;
			buildSettings = {
				CODE_SIGN_STYLE = Automatic;
				CURRENT_PROJECT_VERSION = 1;
				DEVELOPMENT_TEAM = U28PH9QG2B;
				GENERATE_INFOPLIST_FILE = YES;
				MARKETING_VERSION = 1.0;
				PRODUCT_BUNDLE_IDENTIFIER = com.watchornot.WatchOrNotUITests;
				PRODUCT_NAME = "$(TARGET_NAME)";
				SWIFT_EMIT_LOC_STRINGS = NO;
				SWIFT_VERSION = 5.0;
				TARGETED_DEVICE_FAMILY = "1,2";
				TEST_TARGET_NAME = WatchOrNot;
			};
			name = Release;
		};
/* End XCBuildConfiguration section */

/* Begin XCConfigurationList section */
		3FB84E402EC55430000C1E6D /* Build configuration list for PBXProject "WatchOrNot" */ = {
			isa = XCConfigurationList;
			buildConfigurations = (
				3FB84E642EC55431000C1E6D /* Debug */,
				3FB84E652EC55431000C1E6D /* Release */,
			);
			defaultConfigurationIsVisible = 0;
			defaultConfigurationName = Release;
		};
		3FB84E662EC55431000C1E6D /* Build configuration list for PBXNativeTarget "WatchOrNot" */ = {
			isa = XCConfigurationList;
			buildConfigurations = (
				3FB84E672EC55431000C1E6D /* Debug */,
				3FB84E682EC55431000C1E6D /* Release */,
			);
			defaultConfigurationIsVisible = 0;
			defaultConfigurationName = Release;
		};
		3FB84E692EC55431000C1E6D /* Build configuration list for PBXNativeTarget "WatchOrNotTests" */ = {
			isa = XCConfigurationList;
			buildConfigurations = (
				3FB84E6A2EC55431000C1E6D /* Debug */,
				3FB84E6B2EC55431000C1E6D /* Release */,
			);
			defaultConfigurationIsVisible = 0;
			defaultConfigurationName = Release;
		};
		3FB84E6C2EC55431000C1E6D /* Build configuration list for PBXNativeTarget "WatchOrNotUITests" */ = {
			isa = XCConfigurationList;
			buildConfigurations = (
				3FB84E6D2EC55431000C1E6D /* Debug */,
				3FB84E6E2EC55431000C1E6D /* Release */,
			);
			defaultConfigurationIsVisible = 0;
			defaultConfigurationName = Release;
		};
/* End XCConfigurationList section */
	};
	rootObject = 3FB84E3D2EC55430000C1E6D /* Project object */;
}
